# This file is automatically @generated by Cargo.
# It is not intended for manual editing.
version = 4

[[package]]
name = "l4-rust"
version = "0.1.0"

[[package]]
name = "mosaic-display-server"
version = "0.1.0"
dependencies = [
 "l4-rust",
 "mosaic-gui-sdk",
]

[[package]]
name = "mosaic-gui-sdk"
version = "0.1.0"
dependencies = [
 "l4-rust",
]
